
Microsoft Visual Studio Solution File, Format Version 12.00
# Visual Studio Version 17
VisualStudioVersion = 17.11.35327.3
MinimumVisualStudioVersion = 10.0.40219.1
Project("{FAE04EC0-301F-11D3-BF4B-00C04F79EFBC}") = "APICatalogo", "APICatalogo\APICatalogo.csproj", "{6B9AEB99-901A-49C2-9B9D-5AFF64E0BA5D}"
EndProject
Global
	GlobalSection(SolutionConfigurationPlatforms) = preSolution
		Debug|Any CPU = Debug|Any CPU
		Release|Any CPU = Release|Any CPU
	EndGlobalSection
	GlobalSection(ProjectConfigurationPlatforms) = postSolution
		{6B9AEB99-901A-49C2-9B9D-5AFF64E0BA5D}.Debug|Any CPU.ActiveCfg = Debug|Any CPU
		{6B9AEB99-901A-49C2-9B9D-5AFF64E0BA5D}.Debug|Any CPU.Build.0 = Debug|Any CPU
		{6B9AEB99-901A-49C2-9B9D-5AFF64E0BA5D}.Release|Any CPU.ActiveCfg = Release|Any CPU
		{6B9AEB99-901A-49C2-9B9D-5AFF64E0BA5D}.Release|Any CPU.Build.0 = Release|Any CPU
	EndGlobalSection
	GlobalSection(SolutionProperties) = preSolution
		HideSolutionNode = FALSE
	EndGlobalSection
	GlobalSection(ExtensibilityGlobals) = postSolution
		SolutionGuid = {7E1A08EE-71EC-4BAC-A7A7-512A0E9D5218}
	EndGlobalSection
EndGlobal
